{
  "requires": true,
  "lockfileVersion": 1,
  "dependencies": {
    "async-validator": {
      "version": "3.2.3",
      "resolved": "https://registry.npmjs.org/async-validator/-/async-validator-3.2.3.tgz",
      "integrity": "sha512-yMJ4i3x5qEGVgEMowZiBkx+rjDrsXf64BWdHENCtHLgyPiEE+2r8jvqMF1cghCgdGo4sWVLJ7MDwPQgGSPDCcw=="
    },
    "jweixin-module": {
      "version": "1.4.1",
      "resolved": "https://registry.npmjs.org/jweixin-module/-/jweixin-module-1.4.1.tgz",
      "integrity": "sha512-2R2oa1lYhAsclfjKSf3DP4ZiP1dcrQUbM7aklbeJA+UAg/LS7MqoA6UbTy1cs4sbB34z62K4bKW0Z9iazD8ejg=="
    },
    "vue": {
      "version": "2.6.10",
      "resolved": "https://registry.npmjs.org/vue/-/vue-2.6.10.tgz",
      "integrity": "sha512-ImThpeNU9HbdZL3utgMCq0oiMzAkt1mcgy3/E6zWC/G6AaQoeuFdsl9nDhTDU3X1R6FK7nsIUuRACVcjI+A2GQ=="
    },
    "vue-scratch-card0": {
      "version": "git+https://github.com/ZENGzoe/vue-scratch-card.git#52120db80d165980e88a4a6f3a27ec6b78456963",
      "from": "git+https://github.com/ZENGzoe/vue-scratch-card.git",
      "requires": {
        "vue": "^2.6.9"
      }
    }
  }
}
